// !$*UTF8*$!
{
	archiveVersion = 1;
	classes = {
	};
	objectVersion = 50;
	objects = {

/* Begin PBXBuildFile section */
		8456610B23E0883B00B90257 /* AppDelegate.swift in Sources */ = {isa = PBXBuildFile; fileRef = 8456610A23E0883B00B90257 /* AppDelegate.swift */; };
		8456610D23E0883B00B90257 /* SceneDelegate.swift in Sources */ = {isa = PBXBuildFile; fileRef = 8456610C23E0883B00B90257 /* SceneDelegate.swift */; };
		8456610F23E0883B00B90257 /* ViewController.swift in Sources */ = {isa = PBXBuildFile; fileRef = 8456610E23E0883B00B90257 /* ViewController.swift */; };
		8456611223E0883B00B90257 /* Main.storyboard in Resources */ = {isa = PBXBuildFile; fileRef = 8456611023E0883B00B90257 /* Main.storyboard */; };
		8456611423E0883D00B90257 /* Assets.xcassets in Resources */ = {isa = PBXBuildFile; fileRef = 8456611323E0883D00B90257 /* Assets.xcassets */; };
		8456611723E0883D00B90257 /* LaunchScreen.storyboard in Resources */ = {isa = PBXBuildFile; fileRef = 8456611523E0883D00B90257 /* LaunchScreen.storyboard */; };
		8456612223E0883D00B90257 /* Weather_AppTests.swift in Sources */ = {isa = PBXBuildFile; fileRef = 8456612123E0883D00B90257 /* Weather_AppTests.swift */; };
		8456612D23E0883D00B90257 /* Weather_AppUITests.swift in Sources */ = {isa = PBXBuildFile; fileRef = 8456612C23E0883D00B90257 /* Weather_AppUITests.swift */; };
		8456613B23E0971600B90257 /* wallpaper.jpg in Resources */ = {isa = PBXBuildFile; fileRef = 8456613A23E0971600B90257 /* wallpaper.jpg */; };
/* End PBXBuildFile section */

/* Begin PBXContainerItemProxy section */
		8456611E23E0883D00B90257 /* PBXContainerItemProxy */ = {
			isa = PBXContainerItemProxy;
			containerPortal = 845660FF23E0883B00B90257 /* Project object */;
			proxyType = 1;
			remoteGlobalIDString = 8456610623E0883B00B90257;
			remoteInfo = "Weather App";
		};
		8456612923E0883D00B90257 /* PBXContainerItemProxy */ = {
			isa = PBXContainerItemProxy;
			containerPortal = 845660FF23E0883B00B90257 /* Project object */;
			proxyType = 1;
			remoteGlobalIDString = 8456610623E0883B00B90257;
			remoteInfo = "Weather App";
		};
/* End PBXContainerItemProxy section */

/* Begin PBXFileReference section */
		8456610723E0883B00B90257 /* Weather App.app */ = {isa = PBXFileReference; explicitFileType = wrapper.application; includeInIndex = 0; path = "Weather App.app"; sourceTree = BUILT_PRODUCTS_DIR; };
		8456610A23E0883B00B90257 /* AppDelegate.swift */ = {isa = PBXFileReference; lastKnownFileType = sourcecode.swift; path = AppDelegate.swift; sourceTree = "<group>"; };
		8456610C23E0883B00B90257 /* SceneDelegate.swift */ = {isa = PBXFileReference; lastKnownFileType = sourcecode.swift; path = SceneDelegate.swift; sourceTree = "<group>"; };
		8456610E23E0883B00B90257 /* ViewController.swift */ = {isa = PBXFileReference; lastKnownFileType = sourcecode.swift; path = ViewController.swift; sourceTree = "<group>"; };
		8456611123E0883B00B90257 /* Base */ = {isa = PBXFileReference; lastKnownFileType = file.storyboard; name = Base; path = Base.lproj/Main.storyboard; sourceTree = "<group>"; };
		8456611323E0883D00B90257 /* Assets.xcassets */ = {isa = PBXFileReference; lastKnownFileType = folder.assetcatalog; path = Assets.xcassets; sourceTree = "<group>"; };
		8456611623E0883D00B90257 /* Base */ = {isa = PBXFileReference; lastKnownFileType = file.storyboard; name = Base; path = Base.lproj/LaunchScreen.storyboard; sourceTree = "<group>"; };
		8456611823E0883D00B90257 /* Info.plist */ = {isa = PBXFileReference; lastKnownFileType = text.plist.xml; path = Info.plist; sourceTree = "<group>"; };
		8456611D23E0883D00B90257 /* Weather AppTests.xctest */ = {isa = PBXFileReference; explicitFileType = wrapper.cfbundle; includeInIndex = 0; path = "Weather AppTests.xctest"; sourceTree = BUILT_PRODUCTS_DIR; };
		8456612123E0883D00B90257 /* Weather_AppTests.swift */ = {isa = PBXFileReference; lastKnownFileType = sourcecode.swift; path = Weather_AppTests.swift; sourceTree = "<group>"; };
		8456612323E0883D00B90257 /* Info.plist */ = {isa = PBXFileReference; lastKnownFileType = text.plist.xml; path = Info.plist; sourceTree = "<group>"; };
		8456612823E0883D00B90257 /* Weather AppUITests.xctest */ = {isa = PBXFileReference; explicitFileType = wrapper.cfbundle; includeInIndex = 0; path = "Weather AppUITests.xctest"; sourceTree = BUILT_PRODUCTS_DIR; };
		8456612C23E0883D00B90257 /* Weather_AppUITests.swift */ = {isa = PBXFileReference; lastKnownFileType = sourcecode.swift; path = Weather_AppUITests.swift; sourceTree = "<group>"; };
		8456612E23E0883D00B90257 /* Info.plist */ = {isa = PBXFileReference; lastKnownFileType = text.plist.xml; path = Info.plist; sourceTree = "<group>"; };
		8456613A23E0971600B90257 /* wallpaper.jpg */ = {isa = PBXFileReference; lastKnownFileType = image.jpeg; path = wallpaper.jpg; sourceTree = "<group>"; };
/* End PBXFileReference section */

/* Begin PBXFrameworksBuildPhase section */
		8456610423E0883B00B90257 /* Frameworks */ = {
			isa = PBXFrameworksBuildPhase;
			buildActionMask = 2147483647;
			files = (
			);
			runOnlyForDeploymentPostprocessing = 0;
		};
		8456611A23E0883D00B90257 /* Frameworks */ = {
			isa = PBXFrameworksBuildPhase;
			buildActionMask = 2147483647;
			files = (
			);
			runOnlyForDeploymentPostprocessing = 0;
		};
		8456612523E0883D00B90257 /* Frameworks */ = {
			isa = PBXFrameworksBuildPhase;
			buildActionMask = 2147483647;
			files = (
			);
			runOnlyForDeploymentPostprocessing = 0;
		};
/* End PBXFrameworksBuildPhase section */

/* Begin PBXGroup section */
		845660FE23E0883B00B90257 = {
			isa = PBXGroup;
			children = (
				8456610923E0883B00B90257 /* Weather App */,
				8456612023E0883D00B90257 /* Weather AppTests */,
				8456612B23E0883D00B90257 /* Weather AppUITests */,
				8456610823E0883B00B90257 /* Products */,
			);
			sourceTree = "<group>";
		};
		8456610823E0883B00B90257 /* Products */ = {
			isa = PBXGroup;
			children = (
				8456610723E0883B00B90257 /* Weather App.app */,
				8456611D23E0883D00B90257 /* Weather AppTests.xctest */,
				8456612823E0883D00B90257 /* Weather AppUITests.xctest */,
			);
			name = Products;
			sourceTree = "<group>";
		};
		8456610923E0883B00B90257 /* Weather App */ = {
			isa = PBXGroup;
			children = (
				8456613A23E0971600B90257 /* wallpaper.jpg */,
				8456610A23E0883B00B90257 /* AppDelegate.swift */,
				8456610C23E0883B00B90257 /* SceneDelegate.swift */,
				8456610E23E0883B00B90257 /* ViewController.swift */,
				8456611023E0883B00B90257 /* Main.storyboard */,
				8456611323E0883D00B90257 /* Assets.xcassets */,
				8456611523E0883D00B90257 /* LaunchScreen.storyboard */,
				8456611823E0883D00B90257 /* Info.plist */,
			);
			path = "Weather App";
			sourceTree = "<group>";
		};
		8456612023E0883D00B90257 /* Weather AppTests */ = {
			isa = PBXGroup;
			children = (
				8456612123E0883D00B90257 /* Weather_AppTests.swift */,
				8456612323E0883D00B90257 /* Info.plist */,
			);
			path = "Weather AppTests";
			sourceTree = "<group>";
		};
		8456612B23E0883D00B90257 /* Weather AppUITests */ = {
			isa = PBXGroup;
			children = (
				8456612C23E0883D00B90257 /* Weather_AppUITests.swift */,
				8456612E23E0883D00B90257 /* Info.plist */,
			);
			path = "Weather AppUITests";
			sourceTree = "<group>";
		};
/* End PBXGroup section */

/* Begin PBXNativeTarget section */
		8456610623E0883B00B90257 /* Weather App */ = {
			isa = PBXNativeTarget;
			buildConfigurationList = 8456613123E0883D00B90257 /* Build configuration list for PBXNativeTarget "Weather App" */;
			buildPhases = (
				8456610323E0883B00B90257 /* Sources */,
				8456610423E0883B00B90257 /* Frameworks */,
				8456610523E0883B00B90257 /* Resources */,
			);
			buildRules = (
			);
			dependencies = (
			);
			name = "Weather App";
			productName = "Weather App";
			productReference = 8456610723E0883B00B90257 /* Weather App.app */;
			productType = "com.apple.product-type.application";
		};
		8456611C23E0883D00B90257 /* Weather AppTests */ = {
			isa = PBXNativeTarget;
			buildConfigurationList = 8456613423E0883D00B90257 /* Build configuration list for PBXNativeTarget "Weather AppTests" */;
			buildPhases = (
				8456611923E0883D00B90257 /* Sources */,
				8456611A23E0883D00B90257 /* Frameworks */,
				8456611B23E0883D00B90257 /* Resources */,
			);
			buildRules = (
			);
			dependencies = (
				8456611F23E0883D00B90257 /* PBXTargetDependency */,
			);
			name = "Weather AppTests";
			productName = "Weather AppTests";
			productReference = 8456611D23E0883D00B90257 /* Weather AppTests.xctest */;
			productType = "com.apple.product-type.bundle.unit-test";
		};
		8456612723E0883D00B90257 /* Weather AppUITests */ = {
			isa = PBXNativeTarget;
			buildConfigurationList = 8456613723E0883D00B90257 /* Build configuration list for PBXNativeTarget "Weather AppUITests" */;
			buildPhases = (
				8456612423E0883D00B90257 /* Sources */,
				8456612523E0883D00B90257 /* Frameworks */,
				8456612623E0883D00B90257 /* Resources */,
			);
			buildRules = (
			);
			dependencies = (
				8456612A23E0883D00B90257 /* PBXTargetDependency */,
			);
			name = "Weather AppUITests";
			productName = "Weather AppUITests";
			productReference = 8456612823E0883D00B90257 /* Weather AppUITests.xctest */;
			productType = "com.apple.product-type.bundle.ui-testing";
		};
/* End PBXNativeTarget section */

/* Begin PBXProject section */
		845660FF23E0883B00B90257 /* Project object */ = {
			isa = PBXProject;
			attributes = {
				LastSwiftUpdateCheck = 1130;
				LastUpgradeCheck = 1130;
				ORGANIZATIONNAME = "AM Kirsch";
				TargetAttributes = {
					8456610623E0883B00B90257 = {
						CreatedOnToolsVersion = 11.3.1;
					};
					8456611C23E0883D00B90257 = {
						CreatedOnToolsVersion = 11.3.1;
						TestTargetID = 8456610623E0883B00B90257;
					};
					8456612723E0883D00B90257 = {
						CreatedOnToolsVersion = 11.3.1;
						TestTargetID = 8456610623E0883B00B90257;
					};
				};
			};
			buildConfigurationList = 8456610223E0883B00B90257 /* Build configuration list for PBXProject "Weather App" */;
			compatibilityVersion = "Xcode 9.3";
			developmentRegion = en;
			hasScannedForEncodings = 0;
			knownRegions = (
				en,
				Base,
			);
			mainGroup = 845660FE23E0883B00B90257;
			productRefGroup = 8456610823E0883B00B90257 /* Products */;
			projectDirPath = "";
			projectRoot = "";
			targets = (
				8456610623E0883B00B90257 /* Weather App */,
				8456611C23E0883D00B90257 /* Weather AppTests */,
				8456612723E0883D00B90257 /* Weather AppUITests */,
			);
		};
/* End PBXProject section */

/* Begin PBXResourcesBuildPhase section */
		8456610523E0883B00B90257 /* Resources */ = {
			isa = PBXResourcesBuildPhase;
			buildActionMask = 2147483647;
			files = (
				8456611723E0883D00B90257 /* LaunchScreen.storyboard in Resources */,
				8456613B23E0971600B90257 /* wallpaper.jpg in Resources */,
				8456611423E0883D00B90257 /* Assets.xcassets in Resources */,
				8456611223E0883B00B90257 /* Main.storyboard in Resources */,
			);
			runOnlyForDeploymentPostprocessing = 0;
		};
		8456611B23E0883D00B90257 /* Resources */ = {
			isa = PBXResourcesBuildPhase;
			buildActionMask = 2147483647;
			files = (
			);
			runOnlyForDeploymentPostprocessing = 0;
		};
		8456612623E0883D00B90257 /* Resources */ = {
			isa = PBXResourcesBuildPhase;
			buildActionMask = 2147483647;
			files = (
			);
			runOnlyForDeploymentPostprocessing = 0;
		};
/* End PBXResourcesBuildPhase section */

/* Begin PBXSourcesBuildPhase section */
		8456610323E0883B00B90257 /* Sources */ = {
			isa = PBXSourcesBuildPhase;
			buildActionMask = 2147483647;
			files = (
				8456610F23E0883B00B90257 /* ViewController.swift in Sources */,
				8456610B23E0883B00B90257 /* AppDelegate.swift in Sources */,
				8456610D23E0883B00B90257 /* SceneDelegate.swift in Sources */,
			);
			runOnlyForDeploymentPostprocessing = 0;
		};
		8456611923E0883D00B90257 /* Sources */ = {
			isa = PBXSourcesBuildPhase;
			buildActionMask = 2147483647;
			files = (
				8456612223E0883D00B90257 /* Weather_AppTests.swift in Sources */,
			);
			runOnlyForDeploymentPostprocessing = 0;
		};
		8456612423E0883D00B90257 /* Sources */ = {
			isa = PBXSourcesBuildPhase;
			buildActionMask = 2147483647;
			files = (
				8456612D23E0883D00B90257 /* Weather_AppUITests.swift in Sources */,
			);
			runOnlyForDeploymentPostprocessing = 0;
		};
/* End PBXSourcesBuildPhase section */

/* Begin PBXTargetDependency section */
		8456611F23E0883D00B90257 /* PBXTargetDependency */ = {
			isa = PBXTargetDependency;
			target = 8456610623E0883B00B90257 /* Weather App */;
			targetProxy = 8456611E23E0883D00B90257 /* PBXContainerItemProxy */;
		};
		8456612A23E0883D00B90257 /* PBXTargetDependency */ = {
			isa = PBXTargetDependency;
			target = 8456610623E0883B00B90257 /* Weather App */;
			targetProxy = 8456612923E0883D00B90257 /* PBXContainerItemProxy */;
		};
/* End PBXTargetDependency section */

/* Begin PBXVariantGroup section */
		8456611023E0883B00B90257 /* Main.storyboard */ = {
			isa = PBXVariantGroup;
			children = (
				8456611123E0883B00B90257 /* Base */,
			);
			name = Main.storyboard;
			sourceTree = "<group>";
		};
		8456611523E0883D00B90257 /* LaunchScreen.storyboard */ = {
			isa = PBXVariantGroup;
			children = (
				8456611623E0883D00B90257 /* Base */,
			);
			name = LaunchScreen.storyboard;
			sourceTree = "<group>";
		};
/* End PBXVariantGroup section */

/* Begin XCBuildConfiguration section */
		8456612F23E0883D00B90257 /* Debug */ = {
			isa = XCBuildConfiguration;
			buildSettings = {
				ALWAYS_SEARCH_USER_PATHS = NO;
				CLANG_ANALYZER_NONNULL = YES;
				CLANG_ANALYZER_NUMBER_OBJECT_CONVERSION = YES_AGGRESSIVE;
				CLANG_CXX_LANGUAGE_STANDARD = "gnu++14";
				CLANG_CXX_LIBRARY = "libc++";
				CLANG_ENABLE_MODULES = YES;
				CLANG_ENABLE_OBJC_ARC = YES;
				CLANG_ENABLE_OBJC_WEAK = YES;
				CLANG_WARN_BLOCK_CAPTURE_AUTORELEASING = YES;
				CLANG_WARN_BOOL_CONVERSION = YES;
				CLANG_WARN_COMMA = YES;
				CLANG_WARN_CONSTANT_CONVERSION = YES;
				CLANG_WARN_DEPRECATED_OBJC_IMPLEMENTATIONS = YES;
				CLANG_WARN_DIRECT_OBJC_ISA_USAGE = YES_ERROR;
				CLANG_WARN_DOCUMENTATION_COMMENTS = YES;
				CLANG_WARN_EMPTY_BODY = YES;
				CLANG_WARN_ENUM_CONVERSION = YES;
				CLANG_WARN_INFINITE_RECURSION = YES;
				CLANG_WARN_INT_CONVERSION = YES;
				CLANG_WARN_NON_LITERAL_NULL_CONVERSION = YES;
				CLANG_WARN_OBJC_IMPLICIT_RETAIN_SELF = YES;
				CLANG_WARN_OBJC_LITERAL_CONVERSION = YES;
				CLANG_WARN_OBJC_ROOT_CLASS = YES_ERROR;
				CLANG_WARN_RANGE_LOOP_ANALYSIS = YES;
				CLANG_WARN_STRICT_PROTOTYPES = YES;
				CLANG_WARN_SUSPICIOUS_MOVE = YES;
				CLANG_WARN_UNGUARDED_AVAILABILITY = YES_AGGRESSIVE;
				CLANG_WARN_UNREACHABLE_CODE = YES;
				CLANG_WARN__DUPLICATE_METHOD_MATCH = YES;
				COPY_PHASE_STRIP = NO;
				DEBUG_INFORMATION_FORMAT = dwarf;
				ENABLE_STRICT_OBJC_MSGSEND = YES;
				ENABLE_TESTABILITY = YES;
				GCC_C_LANGUAGE_STANDARD = gnu11;
				GCC_DYNAMIC_NO_PIC = NO;
				GCC_NO_COMMON_BLOCKS = YES;
				GCC_OPTIMIZATION_LEVEL = 0;
				GCC_PREPROCESSOR_DEFINITIONS = (
					"DEBUG=1",
					"$(inherited)",
				);
				GCC_WARN_64_TO_32_BIT_CONVERSION = YES;
				GCC_WARN_ABOUT_RETURN_TYPE = YES_ERROR;
				GCC_WARN_UNDECLARED_SELECTOR = YES;
				GCC_WARN_UNINITIALIZED_AUTOS = YES_AGGRESSIVE;
				GCC_WARN_UNUSED_FUNCTION = YES;
				GCC_WARN_UNUSED_VARIABLE = YES;
				IPHONEOS_DEPLOYMENT_TARGET = 13.2;
				MTL_ENABLE_DEBUG_INFO = INCLUDE_SOURCE;
				MTL_FAST_MATH = YES;
				ONLY_ACTIVE_ARCH = YES;
				SDKROOT = iphoneos;
				SWIFT_ACTIVE_COMPILATION_CONDITIONS = DEBUG;
				SWIFT_OPTIMIZATION_LEVEL = "-Onone";
			};
			name = Debug;
		};
		8456613023E0883D00B90257 /* Release */ = {
			isa = XCBuildConfiguration;
			buildSettings = {
				ALWAYS_SEARCH_USER_PATHS = NO;
				CLANG_ANALYZER_NONNULL = YES;
				CLANG_ANALYZER_NUMBER_OBJECT_CONVERSION = YES_AGGRESSIVE;
				CLANG_CXX_LANGUAGE_STANDARD = "gnu++14";
				CLANG_CXX_LIBRARY = "libc++";
				CLANG_ENABLE_MODULES = YES;
				CLANG_ENABLE_OBJC_ARC = YES;
				CLANG_ENABLE_OBJC_WEAK = YES;
				CLANG_WARN_BLOCK_CAPTURE_AUTORELEASING = YES;
				CLANG_WARN_BOOL_CONVERSION = YES;
				CLANG_WARN_COMMA = YES;
				CLANG_WARN_CONSTANT_CONVERSION = YES;
				CLANG_WARN_DEPRECATED_OBJC_IMPLEMENTATIONS = YES;
				CLANG_WARN_DIRECT_OBJC_ISA_USAGE = YES_ERROR;
				CLANG_WARN_DOCUMENTATION_COMMENTS = YES;
				CLANG_WARN_EMPTY_BODY = YES;
				CLANG_WARN_ENUM_CONVERSION = YES;
				CLANG_WARN_INFINITE_RECURSION = YES;
				CLANG_WARN_INT_CONVERSION = YES;
				CLANG_WARN_NON_LITERAL_NULL_CONVERSION = YES;
				CLANG_WARN_OBJC_IMPLICIT_RETAIN_SELF = YES;
				CLANG_WARN_OBJC_LITERAL_CONVERSION = YES;
				CLANG_WARN_OBJC_ROOT_CLASS = YES_ERROR;
				CLANG_WARN_RANGE_LOOP_ANALYSIS = YES;
				CLANG_WARN_STRICT_PROTOTYPES = YES;
				CLANG_WARN_SUSPICIOUS_MOVE = YES;
				CLANG_WARN_UNGUARDED_AVAILABILITY = YES_AGGRESSIVE;
				CLANG_WARN_UNREACHABLE_CODE = YES;
				CLANG_WARN__DUPLICATE_METHOD_MATCH = YES;
				COPY_PHASE_STRIP = NO;
				DEBUG_INFORMATION_FORMAT = "dwarf-with-dsym";
				ENABLE_NS_ASSERTIONS = NO;
				ENABLE_STRICT_OBJC_MSGSEND = YES;
				GCC_C_LANGUAGE_STANDARD = gnu11;
				GCC_NO_COMMON_BLOCKS = YES;
				GCC_WARN_64_TO_32_BIT_CONVERSION = YES;
				GCC_WARN_ABOUT_RETURN_TYPE = YES_ERROR;
				GCC_WARN_UNDECLARED_SELECTOR = YES;
				GCC_WARN_UNINITIALIZED_AUTOS = YES_AGGRESSIVE;
				GCC_WARN_UNUSED_FUNCTION = YES;
				GCC_WARN_UNUSED_VARIABLE = YES;
				IPHONEOS_DEPLOYMENT_TARGET = 13.2;
				MTL_ENABLE_DEBUG_INFO = NO;
				MTL_FAST_MATH = YES;
				SDKROOT = iphoneos;
				SWIFT_COMPILATION_MODE = wholemodule;
				SWIFT_OPTIMIZATION_LEVEL = "-O";
				VALIDATE_PRODUCT = YES;
			};
			name = Release;
		};
		8456613223E0883D00B90257 /* Debug */ = {
			isa = XCBuildConfiguration;
			buildSettings = {
				ASSETCATALOG_COMPILER_APPICON_NAME = AppIcon;
				CODE_SIGN_STYLE = Automatic;
				INFOPLIST_FILE = "Weather App/Info.plist";
				LD_RUNPATH_SEARCH_PATHS = (
					"$(inherited)",
					"@executable_path/Frameworks",
				);
				PRODUCT_BUNDLE_IDENTIFIER = "com.amkirsch.Weather-App";
				PRODUCT_NAME = "$(TARGET_NAME)";
				SWIFT_VERSION = 5.0;
				TARGETED_DEVICE_FAMILY = "1,2";
			};
			name = Debug;
		};
		8456613323E0883D00B90257 /* Release */ = {
			isa = XCBuildConfiguration;
			buildSettings = {
				ASSETCATALOG_COMPILER_APPICON_NAME = AppIcon;
				CODE_SIGN_STYLE = Automatic;
				INFOPLIST_FILE = "Weather App/Info.plist";
				LD_RUNPATH_SEARCH_PATHS = (
					"$(inherited)",
					"@executable_path/Frameworks",
				);
				PRODUCT_BUNDLE_IDENTIFIER = "com.amkirsch.Weather-App";
				PRODUCT_NAME = "$(TARGET_NAME)";
				SWIFT_VERSION = 5.0;
				TARGETED_DEVICE_FAMILY = "1,2";
			};
			name = Release;
		};
		8456613523E0883D00B90257 /* Debug */ = {
			isa = XCBuildConfiguration;
			buildSettings = {
				ALWAYS_EMBED_SWIFT_STANDARD_LIBRARIES = YES;
				BUNDLE_LOADER = "$(TEST_HOST)";
				CODE_SIGN_STYLE = Automatic;
				INFOPLIST_FILE = "Weather AppTests/Info.plist";
				IPHONEOS_DEPLOYMENT_TARGET = 13.2;
				LD_RUNPATH_SEARCH_PATHS = (
					"$(inherited)",
					"@executable_path/Frameworks",
					"@loader_path/Frameworks",
				);
				PRODUCT_BUNDLE_IDENTIFIER = "com.amkirsch.Weather-AppTests";
				PRODUCT_NAME = "$(TARGET_NAME)";
				SWIFT_VERSION = 5.0;
				TARGETED_DEVICE_FAMILY = "1,2";
				TEST_HOST = "$(BUILT_PRODUCTS_DIR)/Weather App.app/Weather App";
			};
			name = Debug;
		};
		8456613623E0883D00B90257 /* Release */ = {
			isa = XCBuildConfiguration;
			buildSettings = {
				ALWAYS_EMBED_SWIFT_STANDARD_LIBRARIES = YES;
				BUNDLE_LOADER = "$(TEST_HOST)";
				CODE_SIGN_STYLE = Automatic;
				INFOPLIST_FILE = "Weather AppTests/Info.plist";
				IPHONEOS_DEPLOYMENT_TARGET = 13.2;
				LD_RUNPATH_SEARCH_PATHS = (
					"$(inherited)",
					"@executable_path/Frameworks",
					"@loader_path/Frameworks",
				);
				PRODUCT_BUNDLE_IDENTIFIER = "com.amkirsch.Weather-AppTests";
				PRODUCT_NAME = "$(TARGET_NAME)";
				SWIFT_VERSION = 5.0;
				TARGETED_DEVICE_FAMILY = "1,2";
				TEST_HOST = "$(BUILT_PRODUCTS_DIR)/Weather App.app/Weather App";
			};
			name = Release;
		};
		8456613823E0883D00B90257 /* Debug */ = {
			isa = XCBuildConfiguration;
			buildSettings = {
				ALWAYS_EMBED_SWIFT_STANDARD_LIBRARIES = YES;
				CODE_SIGN_STYLE = Automatic;
				INFOPLIST_FILE = "Weather AppUITests/Info.plist";
				LD_RUNPATH_SEARCH_PATHS = (
					"$(inherited)",
					"@executable_path/Frameworks",
					"@loader_path/Frameworks",
				);
				PRODUCT_BUNDLE_IDENTIFIER = "com.amkirsch.Weather-AppUITests";
				PRODUCT_NAME = "$(TARGET_NAME)";
				SWIFT_VERSION = 5.0;
				TARGETED_DEVICE_FAMILY = "1,2";
				TEST_TARGET_NAME = "Weather App";
			};
			name = Debug;
		};
		8456613923E0883D00B90257 /* Release */ = {
			isa = XCBuildConfiguration;
			buildSettings = {
				ALWAYS_EMBED_SWIFT_STANDARD_LIBRARIES = YES;
				CODE_SIGN_STYLE = Automatic;
				INFOPLIST_FILE = "Weather AppUITests/Info.plist";
				LD_RUNPATH_SEARCH_PATHS = (
					"$(inherited)",
					"@executable_path/Frameworks",
					"@loader_path/Frameworks",
				);
				PRODUCT_BUNDLE_IDENTIFIER = "com.amkirsch.Weather-AppUITests";
				PRODUCT_NAME = "$(TARGET_NAME)";
				SWIFT_VERSION = 5.0;
				TARGETED_DEVICE_FAMILY = "1,2";
				TEST_TARGET_NAME = "Weather App";
			};
			name = Release;
		};
/* End XCBuildConfiguration section */

/* Begin XCConfigurationList section */
		8456610223E0883B00B90257 /* Build configuration list for PBXProject "Weather App" */ = {
			isa = XCConfigurationList;
			buildConfigurations = (
				8456612F23E0883D00B90257 /* Debug */,
				8456613023E0883D00B90257 /* Release */,
			);
			defaultConfigurationIsVisible = 0;
			defaultConfigurationName = Release;
		};
		8456613123E0883D00B90257 /* Build configuration list for PBXNativeTarget "Weather App" */ = {
			isa = XCConfigurationList;
			buildConfigurations = (
				8456613223E0883D00B90257 /* Debug */,
				8456613323E0883D00B90257 /* Release */,
			);
			defaultConfigurationIsVisible = 0;
			defaultConfigurationName = Release;
		};
		8456613423E0883D00B90257 /* Build configuration list for PBXNativeTarget "Weather AppTests" */ = {
			isa = XCConfigurationList;
			buildConfigurations = (
				8456613523E0883D00B90257 /* Debug */,
				8456613623E0883D00B90257 /* Release */,
			);
			defaultConfigurationIsVisible = 0;
			defaultConfigurationName = Release;
		};
		8456613723E0883D00B90257 /* Build configuration list for PBXNativeTarget "Weather AppUITests" */ = {
			isa = XCConfigurationList;
			buildConfigurations = (
				8456613823E0883D00B90257 /* Debug */,
				8456613923E0883D00B90257 /* Release */,
			);
			defaultConfigurationIsVisible = 0;
			defaultConfigurationName = Release;
		};
/* End XCConfigurationList section */
	};
	rootObject = 845660FF23E0883B00B90257 /* Project object */;
}
